Microsoft Visual Studio Solution File, Format Version 12.00
# Visual Studio 15
VisualStudioVersion = 15.0.26124.0
MinimumVisualStudioVersion = 15.0.26124.0
Project("{F2A71F9B-5D33-465A-A702-920D77279786}") = "d14.Lib", "d14.Lib\d14.Lib.fsproj", "{E90A2279-8CC5-433E-8311-1FA8EDA6272C}"
EndProject
Project("{F2A71F9B-5D33-465A-A702-920D77279786}") = "d14.Tests", "d14.Tests\d14.Tests.fsproj", "{FA8ABE01-7B95-4E1A-8665-CA0A42850A50}"
EndProject
Project("{F2A71F9B-5D33-465A-A702-920D77279786}") = "d14", "d14.fsproj", "{AAEE1BCF-B2C1-40F7-BB64-C1D950E31CDE}"
EndProject
Global
	GlobalSection(SolutionConfigurationPlatforms) = preSolution
		Debug|Any CPU = Debug|Any CPU
		Debug|x64 = Debug|x64
		Debug|x86 = Debug|x86
		Release|Any CPU = Release|Any CPU
		Release|x64 = Release|x64
		Release|x86 = Release|x86
	EndGlobalSection
	GlobalSection(SolutionProperties) = preSolution
		HideSolutionNode = FALSE
	EndGlobalSection
	GlobalSection(ProjectConfigurationPlatforms) = postSolution
		{E90A2279-8CC5-433E-8311-1FA8EDA6272C}.Debug|Any CPU.ActiveCfg = Debug|Any CPU
		{E90A2279-8CC5-433E-8311-1FA8EDA6272C}.Debug|Any CPU.Build.0 = Debug|Any CPU
		{E90A2279-8CC5-433E-8311-1FA8EDA6272C}.Debug|x64.ActiveCfg = Debug|Any CPU
		{E90A2279-8CC5-433E-8311-1FA8EDA6272C}.Debug|x64.Build.0 = Debug|Any CPU
		{E90A2279-8CC5-433E-8311-1FA8EDA6272C}.Debug|x86.ActiveCfg = Debug|Any CPU
		{E90A2279-8CC5-433E-8311-1FA8EDA6272C}.Debug|x86.Build.0 = Debug|Any CPU
		{E90A2279-8CC5-433E-8311-1FA8EDA6272C}.Release|Any CPU.ActiveCfg = Release|Any CPU
		{E90A2279-8CC5-433E-8311-1FA8EDA6272C}.Release|Any CPU.Build.0 = Release|Any CPU
		{E90A2279-8CC5-433E-8311-1FA8EDA6272C}.Release|x64.ActiveCfg = Release|Any CPU
		{E90A2279-8CC5-433E-8311-1FA8EDA6272C}.Release|x64.Build.0 = Release|Any CPU
		{E90A2279-8CC5-433E-8311-1FA8EDA6272C}.Release|x86.ActiveCfg = Release|Any CPU
		{E90A2279-8CC5-433E-8311-1FA8EDA6272C}.Release|x86.Build.0 = Release|Any CPU
		{FA8ABE01-7B95-4E1A-8665-CA0A42850A50}.Debug|Any CPU.ActiveCfg = Debug|Any CPU
		{FA8ABE01-7B95-4E1A-8665-CA0A42850A50}.Debug|Any CPU.Build.0 = Debug|Any CPU
		{FA8ABE01-7B95-4E1A-8665-CA0A42850A50}.Debug|x64.ActiveCfg = Debug|Any CPU
		{FA8ABE01-7B95-4E1A-8665-CA0A42850A50}.Debug|x64.Build.0 = Debug|Any CPU
		{FA8ABE01-7B95-4E1A-8665-CA0A42850A50}.Debug|x86.ActiveCfg = Debug|Any CPU
		{FA8ABE01-7B95-4E1A-8665-CA0A42850A50}.Debug|x86.Build.0 = Debug|Any CPU
		{FA8ABE01-7B95-4E1A-8665-CA0A42850A50}.Release|Any CPU.ActiveCfg = Release|Any CPU
		{FA8ABE01-7B95-4E1A-8665-CA0A42850A50}.Release|Any CPU.Build.0 = Release|Any CPU
		{FA8ABE01-7B95-4E1A-8665-CA0A42850A50}.Release|x64.ActiveCfg = Release|Any CPU
		{FA8ABE01-7B95-4E1A-8665-CA0A42850A50}.Release|x64.Build.0 = Release|Any CPU
		{FA8ABE01-7B95-4E1A-8665-CA0A42850A50}.Release|x86.ActiveCfg = Release|Any CPU
		{FA8ABE01-7B95-4E1A-8665-CA0A42850A50}.Release|x86.Build.0 = Release|Any CPU
		{AAEE1BCF-B2C1-40F7-BB64-C1D950E31CDE}.Debug|Any CPU.ActiveCfg = Debug|Any CPU
		{AAEE1BCF-B2C1-40F7-BB64-C1D950E31CDE}.Debug|Any CPU.Build.0 = Debug|Any CPU
		{AAEE1BCF-B2C1-40F7-BB64-C1D950E31CDE}.Debug|x64.ActiveCfg = Debug|Any CPU
		{AAEE1BCF-B2C1-40F7-BB64-C1D950E31CDE}.Debug|x64.Build.0 = Debug|Any CPU
		{AAEE1BCF-B2C1-40F7-BB64-C1D950E31CDE}.Debug|x86.ActiveCfg = Debug|Any CPU
		{AAEE1BCF-B2C1-40F7-BB64-C1D950E31CDE}.Debug|x86.Build.0 = Debug|Any CPU
		{AAEE1BCF-B2C1-40F7-BB64-C1D950E31CDE}.Release|Any CPU.ActiveCfg = Release|Any CPU
		{AAEE1BCF-B2C1-40F7-BB64-C1D950E31CDE}.Release|Any CPU.Build.0 = Release|Any CPU
		{AAEE1BCF-B2C1-40F7-BB64-C1D950E31CDE}.Release|x64.ActiveCfg = Release|Any CPU
		{AAEE1BCF-B2C1-40F7-BB64-C1D950E31CDE}.Release|x64.Build.0 = Release|Any CPU
		{AAEE1BCF-B2C1-40F7-BB64-C1D950E31CDE}.Release|x86.ActiveCfg = Release|Any CPU
		{AAEE1BCF-B2C1-40F7-BB64-C1D950E31CDE}.Release|x86.Build.0 = Release|Any CPU
	EndGlobalSection
EndGlobal
